
Microsoft Visual Studio Solution File, Format Version 12.00
# Visual Studio 15
VisualStudioVersion = 15.0.28306.52
MinimumVisualStudioVersion = 10.0.40219.1
Project("{FAE04EC0-301F-11D3-BF4B-00C04F79EFBC}") = "Snake", "Snake\Snake.csproj", "{D33880B3-A718-43C9-BDCD-E977E5CEC197}"
EndProject
Global
	GlobalSection(SolutionConfigurationPlatforms) = preSolution
		Debug|Any CPU = Debug|Any CPU
		Release|Any CPU = Release|Any CPU
	EndGlobalSection
	GlobalSection(ProjectConfigurationPlatforms) = postSolution
		{D33880B3-A718-43C9-BDCD-E977E5CEC197}.Debug|Any CPU.ActiveCfg = Debug|Any CPU
		{D33880B3-A718-43C9-BDCD-E977E5CEC197}.Debug|Any CPU.Build.0 = Debug|Any CPU
		{D33880B3-A718-43C9-BDCD-E977E5CEC197}.Release|Any CPU.ActiveCfg = Release|Any CPU
		{D33880B3-A718-43C9-BDCD-E977E5CEC197}.Release|Any CPU.Build.0 = Release|Any CPU
	EndGlobalSection
	GlobalSection(SolutionProperties) = preSolution
		HideSolutionNode = FALSE
	EndGlobalSection
	GlobalSection(ExtensibilityGlobals) = postSolution
		SolutionGuid = {587CD796-9142-49B9-B984-FAF6995813CC}
	EndGlobalSection
EndGlobal
